
Microsoft Visual Studio Solution File, Format Version 12.00
# Visual Studio Version 17
VisualStudioVersion = 17.11.35312.102
MinimumVisualStudioVersion = 10.0.40219.1
Project("{8BC9CEB8-8B4A-11D0-8D11-00A0C91BC942}") = "Lab05_5", "Lab05_5\Lab05_5.vcxproj", "{1729B91C-9B09-4704-B2A7-A6500A8720CB}"
EndProject
Project("{8BC9CEB8-8B4A-11D0-8D11-00A0C91BC942}") = "UnitTest1", "UnitTest1\UnitTest1.vcxproj", "{E34B73EE-A5B1-4646-B0FD-CB781CD52582}"
EndProject
Global
	GlobalSection(SolutionConfigurationPlatforms) = preSolution
		Debug|x64 = Debug|x64
		Debug|x86 = Debug|x86
		Release|x64 = Release|x64
		Release|x86 = Release|x86
	EndGlobalSection
	GlobalSection(ProjectConfigurationPlatforms) = postSolution
		{1729B91C-9B09-4704-B2A7-A6500A8720CB}.Debug|x64.ActiveCfg = Debug|x64
		{1729B91C-9B09-4704-B2A7-A6500A8720CB}.Debug|x64.Build.0 = Debug|x64
		{1729B91C-9B09-4704-B2A7-A6500A8720CB}.Debug|x86.ActiveCfg = Debug|Win32
		{1729B91C-9B09-4704-B2A7-A6500A8720CB}.Debug|x86.Build.0 = Debug|Win32
		{1729B91C-9B09-4704-B2A7-A6500A8720CB}.Release|x64.ActiveCfg = Release|x64
		{1729B91C-9B09-4704-B2A7-A6500A8720CB}.Release|x64.Build.0 = Release|x64
		{1729B91C-9B09-4704-B2A7-A6500A8720CB}.Release|x86.ActiveCfg = Release|Win32
		{1729B91C-9B09-4704-B2A7-A6500A8720CB}.Release|x86.Build.0 = Release|Win32
		{E34B73EE-A5B1-4646-B0FD-CB781CD52582}.Debug|x64.ActiveCfg = Debug|x64
		{E34B73EE-A5B1-4646-B0FD-CB781CD52582}.Debug|x64.Build.0 = Debug|x64
		{E34B73EE-A5B1-4646-B0FD-CB781CD52582}.Debug|x86.ActiveCfg = Debug|Win32
		{E34B73EE-A5B1-4646-B0FD-CB781CD52582}.Debug|x86.Build.0 = Debug|Win32
		{E34B73EE-A5B1-4646-B0FD-CB781CD52582}.Release|x64.ActiveCfg = Release|x64
		{E34B73EE-A5B1-4646-B0FD-CB781CD52582}.Release|x64.Build.0 = Release|x64
		{E34B73EE-A5B1-4646-B0FD-CB781CD52582}.Release|x86.ActiveCfg = Release|Win32
		{E34B73EE-A5B1-4646-B0FD-CB781CD52582}.Release|x86.Build.0 = Release|Win32
	EndGlobalSection
	GlobalSection(SolutionProperties) = preSolution
		HideSolutionNode = FALSE
	EndGlobalSection
	GlobalSection(ExtensibilityGlobals) = postSolution
		SolutionGuid = {E0AA2F63-5257-4F60-9DD9-3EFB723F743A}
	EndGlobalSection
EndGlobal
